
Microsoft Visual Studio Solution File, Format Version 12.00
# Visual Studio Version 17
VisualStudioVersion = 17.0.31903.59
MinimumVisualStudioVersion = 10.0.40219.1
Project("{9A19103F-16F7-4668-BE54-9A1E7A4F7556}") = "NaiveEmr.WebApi", "src\NaiveEmr.WebApi\NaiveEmr.WebApi.csproj", "{9385AEF9-FD62-431A-80D2-0C8E1FD72D58}"
EndProject
Project("{9A19103F-16F7-4668-BE54-9A1E7A4F7556}") = "NaiveEmr.Infrastructure", "src\NaiveEmr.Infrastructure\NaiveEmr.Infrastructure.csproj", "{58E99F90-33A6-4BDD-84B0-63E2C8D50CE7}"
EndProject
Project("{9A19103F-16F7-4668-BE54-9A1E7A4F7556}") = "NaiveEmr.ApplicationCore", "src\NaiveEmr.ApplicationCore\NaiveEmr.ApplicationCore.csproj", "{A088B93D-311C-4AE3-BD9E-8373AB42F130}"
EndProject
Project("{FAE04EC0-301F-11D3-BF4B-00C04F79EFBC}") = "NaiveEmr.Migrator", "src\NaiveEmr.Migrator\NaiveEmr.Migrator.csproj", "{00001929-820B-4C01-80CC-3A8A08B91523}"
EndProject
Project("{FAE04EC0-301F-11D3-BF4B-00C04F79EFBC}") = "NaiveEmr.Migrations", "src\NaiveEmr.Migrations\NaiveEmr.Migrations.csproj", "{BEF52AE2-7979-4F67-A760-267112F32227}"
EndProject
Project("{2150E333-8FDC-42A3-9474-1A3956D46DE8}") = "00-src", "00-src", "{D7732ACC-FFF0-4CBC-8A1F-BD3A6CB70130}"
EndProject
Project("{2150E333-8FDC-42A3-9474-1A3956D46DE8}") = "99-others", "99-others", "{5FF73D2D-B242-4908-9A74-5866FDC27961}"
EndProject
Global
	GlobalSection(SolutionConfigurationPlatforms) = preSolution
		Debug|Any CPU = Debug|Any CPU
		Release|Any CPU = Release|Any CPU
	EndGlobalSection
	GlobalSection(ProjectConfigurationPlatforms) = postSolution
		{9385AEF9-FD62-431A-80D2-0C8E1FD72D58}.Debug|Any CPU.ActiveCfg = Debug|Any CPU
		{9385AEF9-FD62-431A-80D2-0C8E1FD72D58}.Debug|Any CPU.Build.0 = Debug|Any CPU
		{9385AEF9-FD62-431A-80D2-0C8E1FD72D58}.Release|Any CPU.ActiveCfg = Release|Any CPU
		{9385AEF9-FD62-431A-80D2-0C8E1FD72D58}.Release|Any CPU.Build.0 = Release|Any CPU
		{58E99F90-33A6-4BDD-84B0-63E2C8D50CE7}.Debug|Any CPU.ActiveCfg = Debug|Any CPU
		{58E99F90-33A6-4BDD-84B0-63E2C8D50CE7}.Debug|Any CPU.Build.0 = Debug|Any CPU
		{58E99F90-33A6-4BDD-84B0-63E2C8D50CE7}.Release|Any CPU.ActiveCfg = Release|Any CPU
		{58E99F90-33A6-4BDD-84B0-63E2C8D50CE7}.Release|Any CPU.Build.0 = Release|Any CPU
		{A088B93D-311C-4AE3-BD9E-8373AB42F130}.Debug|Any CPU.ActiveCfg = Debug|Any CPU
		{A088B93D-311C-4AE3-BD9E-8373AB42F130}.Debug|Any CPU.Build.0 = Debug|Any CPU
		{A088B93D-311C-4AE3-BD9E-8373AB42F130}.Release|Any CPU.ActiveCfg = Release|Any CPU
		{A088B93D-311C-4AE3-BD9E-8373AB42F130}.Release|Any CPU.Build.0 = Release|Any CPU
		{00001929-820B-4C01-80CC-3A8A08B91523}.Debug|Any CPU.ActiveCfg = Debug|Any CPU
		{00001929-820B-4C01-80CC-3A8A08B91523}.Debug|Any CPU.Build.0 = Debug|Any CPU
		{00001929-820B-4C01-80CC-3A8A08B91523}.Release|Any CPU.ActiveCfg = Release|Any CPU
		{00001929-820B-4C01-80CC-3A8A08B91523}.Release|Any CPU.Build.0 = Release|Any CPU
		{BEF52AE2-7979-4F67-A760-267112F32227}.Debug|Any CPU.ActiveCfg = Debug|Any CPU
		{BEF52AE2-7979-4F67-A760-267112F32227}.Debug|Any CPU.Build.0 = Debug|Any CPU
		{BEF52AE2-7979-4F67-A760-267112F32227}.Release|Any CPU.ActiveCfg = Release|Any CPU
		{BEF52AE2-7979-4F67-A760-267112F32227}.Release|Any CPU.Build.0 = Release|Any CPU
	EndGlobalSection
	GlobalSection(SolutionProperties) = preSolution
		HideSolutionNode = FALSE
	EndGlobalSection
	GlobalSection(NestedProjects) = preSolution
		{9385AEF9-FD62-431A-80D2-0C8E1FD72D58} = {D7732ACC-FFF0-4CBC-8A1F-BD3A6CB70130}
		{58E99F90-33A6-4BDD-84B0-63E2C8D50CE7} = {D7732ACC-FFF0-4CBC-8A1F-BD3A6CB70130}
		{A088B93D-311C-4AE3-BD9E-8373AB42F130} = {D7732ACC-FFF0-4CBC-8A1F-BD3A6CB70130}
		{00001929-820B-4C01-80CC-3A8A08B91523} = {5FF73D2D-B242-4908-9A74-5866FDC27961}
		{BEF52AE2-7979-4F67-A760-267112F32227} = {5FF73D2D-B242-4908-9A74-5866FDC27961}
	EndGlobalSection
	GlobalSection(ExtensibilityGlobals) = postSolution
		SolutionGuid = {C075ACDD-2C9D-4288-9805-701E6EA389B1}
	EndGlobalSection
EndGlobal
