
Microsoft Visual Studio Solution File, Format Version 12.00
# Visual Studio Version 17
VisualStudioVersion = 17.0.31903.59
MinimumVisualStudioVersion = 10.0.40219.1
Project("{FAE04EC0-301F-11D3-BF4B-00C04F79EFBC}") = "NaiveEmr.WebApi", "src\NaiveEmr.WebApi\NaiveEmr.WebApi.csproj", "{9385AEF9-FD62-431A-80D2-0C8E1FD72D58}"
EndProject
Project("{FAE04EC0-301F-11D3-BF4B-00C04F79EFBC}") = "NaiveEmr.Infrastructure", "src\NaiveEmr.Infrastructure\NaiveEmr.Infrastructure.csproj", "{58E99F90-33A6-4BDD-84B0-63E2C8D50CE7}"
EndProject
Project("{FAE04EC0-301F-11D3-BF4B-00C04F79EFBC}") = "NaiveEmr.ApplicationCore", "src\NaiveEmr.ApplicationCore\NaiveEmr.ApplicationCore.csproj", "{A088B93D-311C-4AE3-BD9E-8373AB42F130}"
EndProject
Global
	GlobalSection(SolutionConfigurationPlatforms) = preSolution
		Debug|Any CPU = Debug|Any CPU
		Release|Any CPU = Release|Any CPU
	EndGlobalSection
	GlobalSection(ProjectConfigurationPlatforms) = postSolution
		{9385AEF9-FD62-431A-80D2-0C8E1FD72D58}.Debug|Any CPU.ActiveCfg = Debug|Any CPU
		{9385AEF9-FD62-431A-80D2-0C8E1FD72D58}.Debug|Any CPU.Build.0 = Debug|Any CPU
		{9385AEF9-FD62-431A-80D2-0C8E1FD72D58}.Release|Any CPU.ActiveCfg = Release|Any CPU
		{9385AEF9-FD62-431A-80D2-0C8E1FD72D58}.Release|Any CPU.Build.0 = Release|Any CPU
		{58E99F90-33A6-4BDD-84B0-63E2C8D50CE7}.Debug|Any CPU.ActiveCfg = Debug|Any CPU
		{58E99F90-33A6-4BDD-84B0-63E2C8D50CE7}.Debug|Any CPU.Build.0 = Debug|Any CPU
		{58E99F90-33A6-4BDD-84B0-63E2C8D50CE7}.Release|Any CPU.ActiveCfg = Release|Any CPU
		{58E99F90-33A6-4BDD-84B0-63E2C8D50CE7}.Release|Any CPU.Build.0 = Release|Any CPU
		{A088B93D-311C-4AE3-BD9E-8373AB42F130}.Debug|Any CPU.ActiveCfg = Debug|Any CPU
		{A088B93D-311C-4AE3-BD9E-8373AB42F130}.Debug|Any CPU.Build.0 = Debug|Any CPU
		{A088B93D-311C-4AE3-BD9E-8373AB42F130}.Release|Any CPU.ActiveCfg = Release|Any CPU
		{A088B93D-311C-4AE3-BD9E-8373AB42F130}.Release|Any CPU.Build.0 = Release|Any CPU
	EndGlobalSection
	GlobalSection(SolutionProperties) = preSolution
		HideSolutionNode = FALSE
	EndGlobalSection
	GlobalSection(ExtensibilityGlobals) = postSolution
		SolutionGuid = {C075ACDD-2C9D-4288-9805-701E6EA389B1}
	EndGlobalSection
EndGlobal
